
Microsoft Visual Studio Solution File, Format Version 12.00
# Visual Studio Version 17
VisualStudioVersion = 17.5.33530.505
MinimumVisualStudioVersion = 10.0.40219.1
Project("{2150E333-8FDC-42A3-9474-1A3956D46DE8}") = "src", "src", "{60302F40-0A62-46BD-9F5B-CF7B396E8437}"
EndProject
Project("{2150E333-8FDC-42A3-9474-1A3956D46DE8}") = "test", "test", "{70D8EFB6-7380-4D7E-9500-776B97AD8A04}"
EndProject
Project("{2150E333-8FDC-42A3-9474-1A3956D46DE8}") = "External", "External", "{EFE66DA7-C122-46F7-825C-7EA9DA786CCC}"
EndProject
Project("{2150E333-8FDC-42A3-9474-1A3956D46DE8}") = "Core", "Core", "{CFF3CE3D-04EF-4F0A-9560-4B9322828D75}"
EndProject
Project("{9A19103F-16F7-4668-BE54-9A1E7A4F7556}") = "JobDoor.Application", "JobDoor.Application\JobDoor.Application.csproj", "{67DC3E5D-D423-4EED-8118-38F4C6493C1B}"
EndProject
Project("{9A19103F-16F7-4668-BE54-9A1E7A4F7556}") = "JobDoor.Domain", "JobDoor.Domain\JobDoor.Domain.csproj", "{CE56B5CA-BE9A-4F8F-B796-E5E4CC714A13}"
EndProject
Project("{9A19103F-16F7-4668-BE54-9A1E7A4F7556}") = "JobDoor.Infrastructure", "JobDoor.Infrastructure\JobDoor.Infrastructure.csproj", "{630C28E6-901B-45C7-8FD5-B9DDC03E8854}"
EndProject
Project("{9A19103F-16F7-4668-BE54-9A1E7A4F7556}") = "JobDoor.Presentation", "JobDoor.Presentation\JobDoor.Presentation.csproj", "{F7A3DA10-1D26-4411-AE73-90403148027E}"
EndProject
Project("{FAE04EC0-301F-11D3-BF4B-00C04F79EFBC}") = "JobDoor.Contracts", "JobDoor.Contracts\JobDoor.Contracts.csproj", "{4A6DFCA7-4F00-4B25-B0AE-D55B29BA87D6}"
EndProject
Global
	GlobalSection(SolutionConfigurationPlatforms) = preSolution
		Debug|Any CPU = Debug|Any CPU
		Release|Any CPU = Release|Any CPU
	EndGlobalSection
	GlobalSection(ProjectConfigurationPlatforms) = postSolution
		{67DC3E5D-D423-4EED-8118-38F4C6493C1B}.Debug|Any CPU.ActiveCfg = Debug|Any CPU
		{67DC3E5D-D423-4EED-8118-38F4C6493C1B}.Debug|Any CPU.Build.0 = Debug|Any CPU
		{67DC3E5D-D423-4EED-8118-38F4C6493C1B}.Release|Any CPU.ActiveCfg = Release|Any CPU
		{67DC3E5D-D423-4EED-8118-38F4C6493C1B}.Release|Any CPU.Build.0 = Release|Any CPU
		{CE56B5CA-BE9A-4F8F-B796-E5E4CC714A13}.Debug|Any CPU.ActiveCfg = Debug|Any CPU
		{CE56B5CA-BE9A-4F8F-B796-E5E4CC714A13}.Debug|Any CPU.Build.0 = Debug|Any CPU
		{CE56B5CA-BE9A-4F8F-B796-E5E4CC714A13}.Release|Any CPU.ActiveCfg = Release|Any CPU
		{CE56B5CA-BE9A-4F8F-B796-E5E4CC714A13}.Release|Any CPU.Build.0 = Release|Any CPU
		{630C28E6-901B-45C7-8FD5-B9DDC03E8854}.Debug|Any CPU.ActiveCfg = Debug|Any CPU
		{630C28E6-901B-45C7-8FD5-B9DDC03E8854}.Debug|Any CPU.Build.0 = Debug|Any CPU
		{630C28E6-901B-45C7-8FD5-B9DDC03E8854}.Release|Any CPU.ActiveCfg = Release|Any CPU
		{630C28E6-901B-45C7-8FD5-B9DDC03E8854}.Release|Any CPU.Build.0 = Release|Any CPU
		{F7A3DA10-1D26-4411-AE73-90403148027E}.Debug|Any CPU.ActiveCfg = Debug|Any CPU
		{F7A3DA10-1D26-4411-AE73-90403148027E}.Debug|Any CPU.Build.0 = Debug|Any CPU
		{F7A3DA10-1D26-4411-AE73-90403148027E}.Release|Any CPU.ActiveCfg = Release|Any CPU
		{F7A3DA10-1D26-4411-AE73-90403148027E}.Release|Any CPU.Build.0 = Release|Any CPU
		{4A6DFCA7-4F00-4B25-B0AE-D55B29BA87D6}.Debug|Any CPU.ActiveCfg = Debug|Any CPU
		{4A6DFCA7-4F00-4B25-B0AE-D55B29BA87D6}.Debug|Any CPU.Build.0 = Debug|Any CPU
		{4A6DFCA7-4F00-4B25-B0AE-D55B29BA87D6}.Release|Any CPU.ActiveCfg = Release|Any CPU
		{4A6DFCA7-4F00-4B25-B0AE-D55B29BA87D6}.Release|Any CPU.Build.0 = Release|Any CPU
	EndGlobalSection
	GlobalSection(SolutionProperties) = preSolution
		HideSolutionNode = FALSE
	EndGlobalSection
	GlobalSection(NestedProjects) = preSolution
		{EFE66DA7-C122-46F7-825C-7EA9DA786CCC} = {60302F40-0A62-46BD-9F5B-CF7B396E8437}
		{CFF3CE3D-04EF-4F0A-9560-4B9322828D75} = {60302F40-0A62-46BD-9F5B-CF7B396E8437}
		{67DC3E5D-D423-4EED-8118-38F4C6493C1B} = {CFF3CE3D-04EF-4F0A-9560-4B9322828D75}
		{CE56B5CA-BE9A-4F8F-B796-E5E4CC714A13} = {CFF3CE3D-04EF-4F0A-9560-4B9322828D75}
		{630C28E6-901B-45C7-8FD5-B9DDC03E8854} = {EFE66DA7-C122-46F7-825C-7EA9DA786CCC}
		{F7A3DA10-1D26-4411-AE73-90403148027E} = {EFE66DA7-C122-46F7-825C-7EA9DA786CCC}
		{4A6DFCA7-4F00-4B25-B0AE-D55B29BA87D6} = {EFE66DA7-C122-46F7-825C-7EA9DA786CCC}
	EndGlobalSection
	GlobalSection(ExtensibilityGlobals) = postSolution
		SolutionGuid = {27BCFA66-892C-402D-B690-AFF601691FF6}
	EndGlobalSection
EndGlobal
